
Microsoft Visual Studio Solution File, Format Version 11.00
# Visual Studio 2010
Project("{FAE04EC0-301F-11D3-BF4B-00C04F79EFBC}") = "Assembly-CSharp-firstpass", "Assembly-CSharp-firstpass.csproj", "{53399270-9F14-A769-D6C8-12170EC826C9}"
EndProject
Project("{FAE04EC0-301F-11D3-BF4B-00C04F79EFBC}") = "Assembly-CSharp", "Assembly-CSharp.csproj", "{07905825-6D7F-387C-3AEE-FBDDB1171FB3}"
EndProject
Global
	GlobalSection(SolutionConfigurationPlatforms) = preSolution
		Debug|Any CPU = Debug|Any CPU
		Release|Any CPU = Release|Any CPU
	EndGlobalSection
	GlobalSection(ProjectConfigurationPlatforms) = postSolution
		{53399270-9F14-A769-D6C8-12170EC826C9}.Debug|Any CPU.ActiveCfg = Debug|Any CPU
		{53399270-9F14-A769-D6C8-12170EC826C9}.Debug|Any CPU.Build.0 = Debug|Any CPU
		{53399270-9F14-A769-D6C8-12170EC826C9}.Release|Any CPU.ActiveCfg = Release|Any CPU
		{53399270-9F14-A769-D6C8-12170EC826C9}.Release|Any CPU.Build.0 = Release|Any CPU
		{07905825-6D7F-387C-3AEE-FBDDB1171FB3}.Debug|Any CPU.ActiveCfg = Debug|Any CPU
		{07905825-6D7F-387C-3AEE-FBDDB1171FB3}.Debug|Any CPU.Build.0 = Debug|Any CPU
		{07905825-6D7F-387C-3AEE-FBDDB1171FB3}.Release|Any CPU.ActiveCfg = Release|Any CPU
		{07905825-6D7F-387C-3AEE-FBDDB1171FB3}.Release|Any CPU.Build.0 = Release|Any CPU
	EndGlobalSection
	GlobalSection(SolutionProperties) = preSolution
		HideSolutionNode = FALSE
	EndGlobalSection
	GlobalSection(MonoDevelopProperties) = preSolution
		StartupItem = Assembly-CSharp.csproj
	EndGlobalSection
EndGlobal
